{
  "version": 4,
  "terraform_version": "1.6.4",
  "serial": 16,
  "lineage": "5a064959-8d26-0244-23fc-87584da5e8f4",
  "outputs": {},
  "resources": [
    {
      "mode": "data",
      "type": "google_firebase_web_app_config",
      "name": "example",
      "provider": "provider[\"registry.terraform.io/hashicorp/google-beta\"]",
      "instances": [
        {
          "schema_version": 0,
          "attributes": {
            "api_key": "AIzaSyCEpZ_6lxGMynek7J1LGE-WWb2ctjzYL-Q",
            "auth_domain": "consistent-talents-6203f.firebaseapp.com",
            "database_url": "",
            "id": "1:536467435085:web:5fab13e6e229f017703604",
            "location_id": "",
            "measurement_id": "",
            "messaging_sender_id": "536467435085",
            "project": "consistent-talents-6203f",
            "storage_bucket": "consistent-talents-6203f.firebasestorage.app",
            "web_app_id": "1:536467435085:web:5fab13e6e229f017703604"
          },
          "sensitive_attributes": []
        }
      ]
    },
    {
      "mode": "data",
      "type": "google_project",
      "name": "project",
      "provider": "provider[\"registry.terraform.io/hashicorp/google-beta\"]",
      "instances": [
        {
          "schema_version": 0,
          "attributes": {
            "auto_create_network": null,
            "billing_account": null,
            "deletion_policy": "DELETE",
            "effective_labels": {
              "firebase": "enabled",
              "firebase-core": "disabled"
            },
            "folder_id": null,
            "id": "projects/consistent-talents-6203f",
            "labels": {
              "firebase": "enabled",
              "firebase-core": "disabled"
            },
            "name": "Consistent Talents",
            "number": "536467435085",
            "org_id": null,
            "project_id": "consistent-talents-6203f",
            "skip_delete": null,
            "terraform_labels": {
              "firebase": "enabled",
              "firebase-core": "disabled"
            }
          },
          "sensitive_attributes": []
        }
      ]
    },
    {
      "mode": "managed",
      "type": "google_apikeys_key",
      "name": "generativelanguage",
      "provider": "provider[\"registry.terraform.io/hashicorp/google-beta\"]",
      "instances": [
        {
          "schema_version": 0,
          "attributes": {
            "display_name": "Gemini API Key",
            "id": "projects/consistent-talents-6203f/locations/global/keys/gemini-api-key",
            "key_string": "AIzaSyDq0XxD3Vmxyz3uKiFx_o8XD-cdmLrahf0",
            "name": "gemini-api-key",
            "project": "consistent-talents-6203f",
            "restrictions": [
              {
                "android_key_restrictions": [],
                "api_targets": [
                  {
                    "methods": null,
                    "service": "generativelanguage.googleapis.com"
                  }
                ],
                "browser_key_restrictions": [
                  {
                    "allowed_referrers": [
                      "*"
                    ]
                  }
                ],
                "ios_key_restrictions": [],
                "server_key_restrictions": []
              }
            ],
            "timeouts": null,
            "uid": "b4c9079d-dd57-4907-b3cb-5bc8548f676a"
          },
          "sensitive_attributes": [],
          "private": "eyJlMmJmYjczMC1lY2FhLTExZTYtOGY4OC0zNDM2M2JjN2M0YzAiOnsiY3JlYXRlIjoxMjAwMDAwMDAwMDAwLCJkZWxldGUiOjEyMDAwMDAwMDAwMDAsInVwZGF0ZSI6MTIwMDAwMDAwMDAwMH19",
          "dependencies": [
            "google_project_service.services"
          ]
        }
      ]
    },
    {
      "mode": "managed",
      "type": "google_firebase_web_app",
      "name": "example",
      "provider": "provider[\"registry.terraform.io/hashicorp/google-beta\"]",
      "instances": [
        {
          "schema_version": 0,
          "attributes": {
            "api_key_id": "95a92442-f423-4c88-8af7-24e53976b2a1",
            "app_id": "1:536467435085:web:5fab13e6e229f017703604",
            "app_urls": [],
            "deletion_policy": "DELETE",
            "display_name": "Make It So AI!",
            "id": "projects/consistent-talents-6203f/webApps/1:536467435085:web:5fab13e6e229f017703604",
            "name": "projects/consistent-talents-6203f/webApps/1:536467435085:web:5fab13e6e229f017703604",
            "project": "consistent-talents-6203f",
            "timeouts": null
          },
          "sensitive_attributes": [],
          "private": "eyJlMmJmYjczMC1lY2FhLTExZTYtOGY4OC0zNDM2M2JjN2M0YzAiOnsiY3JlYXRlIjoxMjAwMDAwMDAwMDAwLCJkZWxldGUiOjEyMDAwMDAwMDAwMDAsInVwZGF0ZSI6MTIwMDAwMDAwMDAwMH19"
        }
      ]
    },
    {
      "mode": "managed",
      "type": "google_firebaserules_release",
      "name": "firestore",
      "provider": "provider[\"registry.terraform.io/hashicorp/google-beta\"]",
      "instances": [
        {
          "schema_version": 0,
          "attributes": {
            "create_time": "2024-12-15T11:53:15.243881Z",
            "disabled": false,
            "id": "projects/consistent-talents-6203f/releases/cloud.firestore",
            "name": "cloud.firestore",
            "project": "consistent-talents-6203f",
            "ruleset_name": "402276ec-c7bd-49d2-ad95-ab3e93b9c2fa",
            "timeouts": null,
            "update_time": "2024-12-15T11:53:15.243881Z"
          },
          "sensitive_attributes": [],
          "private": "eyJlMmJmYjczMC1lY2FhLTExZTYtOGY4OC0zNDM2M2JjN2M0YzAiOnsiY3JlYXRlIjoxMjAwMDAwMDAwMDAwLCJkZWxldGUiOjEyMDAwMDAwMDAwMDB9fQ==",
          "dependencies": [
            "google_firebaserules_ruleset.firestore",
            "google_firestore_database.database",
            "google_project_service.services",
            "local_file.firestore_rules"
          ]
        }
      ]
    },
    {
      "mode": "managed",
      "type": "google_firebaserules_ruleset",
      "name": "firestore",
      "provider": "provider[\"registry.terraform.io/hashicorp/google-beta\"]",
      "instances": [
        {
          "schema_version": 0,
          "attributes": {
            "create_time": "2024-12-15T11:53:11.226519Z",
            "id": "projects/consistent-talents-6203f/rulesets/402276ec-c7bd-49d2-ad95-ab3e93b9c2fa",
            "metadata": [
              {
                "services": [
                  "cloud.firestore"
                ]
              }
            ],
            "name": "402276ec-c7bd-49d2-ad95-ab3e93b9c2fa",
            "project": "consistent-talents-6203f",
            "source": [
              {
                "files": [
                  {
                    "content": "service cloud.firestore {\n  match /databases/{database}/documents/{document=**} {\n    allow read, write: if request.auth != null \u0026\u0026 request.time \u003c timestamp.date(2025, 1, 14);\n  }\n}\n",
                    "fingerprint": "",
                    "name": "firestore.rules"
                  }
                ],
                "language": ""
              }
            ],
            "timeouts": null
          },
          "sensitive_attributes": [],
          "private": "eyJlMmJmYjczMC1lY2FhLTExZTYtOGY4OC0zNDM2M2JjN2M0YzAiOnsiY3JlYXRlIjoxMjAwMDAwMDAwMDAwLCJkZWxldGUiOjEyMDAwMDAwMDAwMDB9fQ==",
          "dependencies": [
            "google_firestore_database.database",
            "google_project_service.services",
            "local_file.firestore_rules"
          ]
        }
      ]
    },
    {
      "mode": "managed",
      "type": "google_firestore_database",
      "name": "database",
      "provider": "provider[\"registry.terraform.io/hashicorp/google-beta\"]",
      "instances": [
        {
          "schema_version": 0,
          "attributes": {
            "app_engine_integration_mode": "DISABLED",
            "cmek_config": [],
            "concurrency_mode": "PESSIMISTIC",
            "create_time": "",
            "delete_protection_state": "DELETE_PROTECTION_DISABLED",
            "deletion_policy": "ABANDON",
            "earliest_version_time": "2024-12-15T11:52:59.181026Z",
            "etag": "IK+bpqrbqYoDMOL/1aTbqYoD",
            "id": "projects/consistent-talents-6203f/databases/(default)",
            "key_prefix": "",
            "location_id": "nam5",
            "name": "(default)",
            "point_in_time_recovery_enablement": "POINT_IN_TIME_RECOVERY_DISABLED",
            "project": "consistent-talents-6203f",
            "timeouts": null,
            "type": "FIRESTORE_NATIVE",
            "uid": "76324879-279c-43f9-838c-6ad23b8b62a1",
            "update_time": "",
            "version_retention_period": "3600s"
          },
          "sensitive_attributes": [],
          "private": "eyJlMmJmYjczMC1lY2FhLTExZTYtOGY4OC0zNDM2M2JjN2M0YzAiOnsiY3JlYXRlIjoxMjAwMDAwMDAwMDAwLCJkZWxldGUiOjEyMDAwMDAwMDAwMDAsInVwZGF0ZSI6MTIwMDAwMDAwMDAwMH19",
          "dependencies": [
            "google_project_service.services"
          ]
        }
      ]
    },
    {
      "mode": "managed",
      "type": "google_project_service",
      "name": "services",
      "provider": "provider[\"registry.terraform.io/hashicorp/google-beta\"]",
      "instances": [
        {
          "index_key": "apikeys.googleapis.com",
          "schema_version": 0,
          "attributes": {
            "check_if_service_has_usage_on_destroy": false,
            "disable_dependent_services": null,
            "disable_on_destroy": false,
            "id": "consistent-talents-6203f/apikeys.googleapis.com",
            "project": "consistent-talents-6203f",
            "service": "apikeys.googleapis.com",
            "timeouts": null
          },
          "sensitive_attributes": [],
          "private": "eyJlMmJmYjczMC1lY2FhLTExZTYtOGY4OC0zNDM2M2JjN2M0YzAiOnsiY3JlYXRlIjoxMjAwMDAwMDAwMDAwLCJkZWxldGUiOjEyMDAwMDAwMDAwMDAsInJlYWQiOjYwMDAwMDAwMDAwMCwidXBkYXRlIjoxMjAwMDAwMDAwMDAwfX0="
        },
        {
          "index_key": "firebaserules.googleapis.com",
          "schema_version": 0,
          "attributes": {
            "check_if_service_has_usage_on_destroy": false,
            "disable_dependent_services": null,
            "disable_on_destroy": false,
            "id": "consistent-talents-6203f/firebaserules.googleapis.com",
            "project": "consistent-talents-6203f",
            "service": "firebaserules.googleapis.com",
            "timeouts": null
          },
          "sensitive_attributes": [],
          "private": "eyJlMmJmYjczMC1lY2FhLTExZTYtOGY4OC0zNDM2M2JjN2M0YzAiOnsiY3JlYXRlIjoxMjAwMDAwMDAwMDAwLCJkZWxldGUiOjEyMDAwMDAwMDAwMDAsInJlYWQiOjYwMDAwMDAwMDAwMCwidXBkYXRlIjoxMjAwMDAwMDAwMDAwfX0="
        },
        {
          "index_key": "firestore.googleapis.com",
          "schema_version": 0,
          "attributes": {
            "check_if_service_has_usage_on_destroy": false,
            "disable_dependent_services": null,
            "disable_on_destroy": false,
            "id": "consistent-talents-6203f/firestore.googleapis.com",
            "project": "consistent-talents-6203f",
            "service": "firestore.googleapis.com",
            "timeouts": null
          },
          "sensitive_attributes": [],
          "private": "eyJlMmJmYjczMC1lY2FhLTExZTYtOGY4OC0zNDM2M2JjN2M0YzAiOnsiY3JlYXRlIjoxMjAwMDAwMDAwMDAwLCJkZWxldGUiOjEyMDAwMDAwMDAwMDAsInJlYWQiOjYwMDAwMDAwMDAwMCwidXBkYXRlIjoxMjAwMDAwMDAwMDAwfX0="
        },
        {
          "index_key": "generativelanguage.googleapis.com",
          "schema_version": 0,
          "attributes": {
            "check_if_service_has_usage_on_destroy": false,
            "disable_dependent_services": null,
            "disable_on_destroy": false,
            "id": "consistent-talents-6203f/generativelanguage.googleapis.com",
            "project": "consistent-talents-6203f",
            "service": "generativelanguage.googleapis.com",
            "timeouts": null
          },
          "sensitive_attributes": [],
          "private": "eyJlMmJmYjczMC1lY2FhLTExZTYtOGY4OC0zNDM2M2JjN2M0YzAiOnsiY3JlYXRlIjoxMjAwMDAwMDAwMDAwLCJkZWxldGUiOjEyMDAwMDAwMDAwMDAsInJlYWQiOjYwMDAwMDAwMDAwMCwidXBkYXRlIjoxMjAwMDAwMDAwMDAwfX0="
        },
        {
          "index_key": "serviceusage.googleapis.com",
          "schema_version": 0,
          "attributes": {
            "check_if_service_has_usage_on_destroy": false,
            "disable_dependent_services": null,
            "disable_on_destroy": false,
            "id": "consistent-talents-6203f/serviceusage.googleapis.com",
            "project": "consistent-talents-6203f",
            "service": "serviceusage.googleapis.com",
            "timeouts": null
          },
          "sensitive_attributes": [],
          "private": "eyJlMmJmYjczMC1lY2FhLTExZTYtOGY4OC0zNDM2M2JjN2M0YzAiOnsiY3JlYXRlIjoxMjAwMDAwMDAwMDAwLCJkZWxldGUiOjEyMDAwMDAwMDAwMDAsInJlYWQiOjYwMDAwMDAwMDAwMCwidXBkYXRlIjoxMjAwMDAwMDAwMDAwfX0="
        }
      ]
    },
    {
      "mode": "managed",
      "type": "google_service_usage_consumer_quota_override",
      "name": "generativelanguage",
      "provider": "provider[\"registry.terraform.io/hashicorp/google-beta\"]",
      "instances": [
        {
          "schema_version": 0,
          "attributes": {
            "dimensions": null,
            "force": true,
            "id": "projects/consistent-talents-6203f/services/generativelanguage.googleapis.com/consumerQuotaMetrics/generativelanguage.googleapis.com%2Fgenerate_requests_per_model/limits/%2Fmin%2Fmodel%2Fproject/consumerOverrides/Cg1RdW90YU92ZXJyaWRl",
            "limit": "%2Fmin%2Fmodel%2Fproject",
            "metric": "generativelanguage.googleapis.com%2Fgenerate_requests_per_model",
            "name": "Cg1RdW90YU92ZXJyaWRl",
            "override_value": "10",
            "project": "consistent-talents-6203f",
            "service": "generativelanguage.googleapis.com",
            "timeouts": null
          },
          "sensitive_attributes": [],
          "private": "eyJlMmJmYjczMC1lY2FhLTExZTYtOGY4OC0zNDM2M2JjN2M0YzAiOnsiY3JlYXRlIjoxMjAwMDAwMDAwMDAwLCJkZWxldGUiOjEyMDAwMDAwMDAwMDAsInVwZGF0ZSI6MTIwMDAwMDAwMDAwMH19",
          "dependencies": [
            "google_project_service.services"
          ]
        }
      ]
    },
    {
      "mode": "managed",
      "type": "local_file",
      "name": "environment_ts",
      "provider": "provider[\"registry.terraform.io/hashicorp/local\"]",
      "instances": [
        {
          "schema_version": 0,
          "attributes": {
            "content": "export const environment = {\n  firebase: {\n      apiKey: 'AIzaSyCEpZ_6lxGMynek7J1LGE-WWb2ctjzYL-Q',\n      authDomain: 'consistent-talents-6203f.firebaseapp.com',\n      databaseURL: '',\n      projectId: 'consistent-talents-6203f',\n      storageBucket: 'consistent-talents-6203f.firebasestorage.app',\n      messagingSenderId: '536467435085',\n      appId: '1:536467435085:web:5fab13e6e229f017703604',\n      measurementId: '',\n  },\n  gemini_api_key: 'AIzaSyDq0XxD3Vmxyz3uKiFx_o8XD-cdmLrahf0',\n  debug_token: ''\n};",
            "content_base64": null,
            "content_base64sha256": "vSO4Qb8iNLjjFUbYvSHAfV6IABJ2RbfiOXhiArra9s0=",
            "content_base64sha512": "fNRFJZ4zOzmrnwuQ+37aAaKQtC402zFBzxgQqM3ylCAtWfUSaw/uj/nTas6EHN4Lur/LO8Xv2xY8STqynJvOvw==",
            "content_md5": "69d9d050ffc0fa978f3e66c8d0834cb7",
            "content_sha1": "faf61844250f63f3b9d44dafc503f65669fdd9b8",
            "content_sha256": "bd23b841bf2234b8e31546d8bd21c07d5e8800127645b7e239786202badaf6cd",
            "content_sha512": "7cd445259e333b39ab9f0b90fb7eda01a290b42e34db3141cf1810a8cdf294202d59f5126b0fee8ff9d36ace841cde0bbabfcb3bc5efdb163c493ab29c9bcebf",
            "directory_permission": "0777",
            "file_permission": "0777",
            "filename": "./src/environments/environments.ts",
            "id": "faf61844250f63f3b9d44dafc503f65669fdd9b8",
            "sensitive_content": null,
            "source": null
          },
          "sensitive_attributes": [
            [
              {
                "type": "get_attr",
                "value": "content"
              }
            ]
          ],
          "dependencies": [
            "data.google_firebase_web_app_config.example",
            "data.google_project.project",
            "google_apikeys_key.generativelanguage",
            "google_firebase_web_app.example",
            "google_project_service.services"
          ]
        }
      ]
    },
    {
      "mode": "managed",
      "type": "local_file",
      "name": "firebaserc",
      "provider": "provider[\"registry.terraform.io/hashicorp/local\"]",
      "instances": [
        {
          "schema_version": 0,
          "attributes": {
            "content": "{\"projects\":{\"default\":\"consistent-talents-6203f\"}}",
            "content_base64": null,
            "content_base64sha256": "htTGXQ/yV1omKhpIaRvCiDx+ZfyWf41HsdblEOmtmsY=",
            "content_base64sha512": "qW3n8C9dqtqPk4tGqKnievUqt6+Js3tbo5aJeWSkDeLO/BqC7Oc8uTcVaoPG44h95MnpVXRFx+wdvbVMxgWfHQ==",
            "content_md5": "5fa8820043586fb727cb0146bc2ee52d",
            "content_sha1": "41e90e18a7bdac5ad3691b4bd40bdb0648f6ac3e",
            "content_sha256": "86d4c65d0ff2575a262a1a48691bc2883c7e65fc967f8d47b1d6e510e9ad9ac6",
            "content_sha512": "a96de7f02f5daada8f938b46a8a9e27af52ab7af89b37b5ba396897964a40de2cefc1a82ece73cb937156a83c6e3887de4c9e9557445c7ec1dbdb54cc6059f1d",
            "directory_permission": "0777",
            "file_permission": "0777",
            "filename": "./.firebaserc",
            "id": "41e90e18a7bdac5ad3691b4bd40bdb0648f6ac3e",
            "sensitive_content": null,
            "source": null
          },
          "sensitive_attributes": []
        }
      ]
    },
    {
      "mode": "managed",
      "type": "local_file",
      "name": "firestore_rules",
      "provider": "provider[\"registry.terraform.io/hashicorp/local\"]",
      "instances": [
        {
          "schema_version": 0,
          "attributes": {
            "content": "service cloud.firestore {\n  match /databases/{database}/documents/{document=**} {\n    allow read, write: if request.auth != null \u0026\u0026 request.time \u003c timestamp.date(2025, 1, 14);\n  }\n}\n",
            "content_base64": null,
            "content_base64sha256": "K42g8+ae4UgXeYr9j5ugUEaFKtR6zCoA01EFyvQrTJg=",
            "content_base64sha512": "NKOhLoSjEAVytutNeNrA3WzTPuVa47Jsb/cu0CRpCWPy8jK8EftDiXAspF3i0Elwsqb376RtZrqTLQRVx64/qg==",
            "content_md5": "7a1901cf70fb6ae66b765441b13ef4a0",
            "content_sha1": "b2068a9b47642897371f0018e887b8ad16c1d8a9",
            "content_sha256": "2b8da0f3e69ee14817798afd8f9ba05046852ad47acc2a00d35105caf42b4c98",
            "content_sha512": "34a3a12e84a3100572b6eb4d78dac0dd6cd33ee55ae3b26c6ff72ed024690963f2f232bc11fb4389702ca45de2d04970b2a6f7efa46d66ba932d0455c7ae3faa",
            "directory_permission": "0777",
            "file_permission": "0777",
            "filename": "./firestore.rules",
            "id": "b2068a9b47642897371f0018e887b8ad16c1d8a9",
            "sensitive_content": null,
            "source": null
          },
          "sensitive_attributes": []
        }
      ]
    }
  ],
  "check_results": null
}
